{
    "_readme": [
        "This file locks the dependencies of your project to a known state",
        "Read more about it at https://getcomposer.org/doc/01-basic-usage.md#installing-dependencies",
        "This file is @generated automatically"
    ],
    "content-hash": "3ca47dd234b3b3dc5d484dfcd2010207",
    "packages": [
        {
            "name": "nhutnguyenvu/alphabet-option-testing",
            "version": "1.0.2",
            "source": {
                "type": "git",
                "url": "https://github.com/nhutnguyenvu/alphabet-option.git",
                "reference": "9fe7b3f9c641d91a1c4e14f42b2e3c8b8444a854"
            },
            "dist": {
                "type": "zip",
                "url": "https://api.github.com/repos/nhutnguyenvu/alphabet-option/zipball/9fe7b3f9c641d91a1c4e14f42b2e3c8b8444a854",
                "reference": "9fe7b3f9c641d91a1c4e14f42b2e3c8b8444a854",
                "shasum": ""
            },
            "require": {
                "ext-mbstring": "*",
                "php": ">=7.4"
            },
            "type": "project",
            "notification-url": "https://packagist.org/downloads/",
            "license": [
                "proprietary"
            ],
            "description": "test",
            "support": {
                "issues": "https://github.com/nhutnguyenvu/alphabet-option/issues",
                "source": "https://github.com/nhutnguyenvu/alphabet-option/tree/1.0.2"
            },
            "time": "2022-08-02T03:20:25+00:00"
        },
        {
            "name": "nhutnguyenvu/product-attachment-testing",
            "version": "1.0.0",
            "source": {
                "type": "git",
                "url": "https://github.com/nhutnguyenvu/product-attachment.git",
                "reference": "435c5a2481d9fc2abba40e6df5b379e9db06acde"
            },
            "dist": {
                "type": "zip",
                "url": "https://api.github.com/repos/nhutnguyenvu/product-attachment/zipball/435c5a2481d9fc2abba40e6df5b379e9db06acde",
                "reference": "435c5a2481d9fc2abba40e6df5b379e9db06acde",
                "shasum": ""
            },
            "require": {
                "ext-mbstring": "*",
                "php": ">=7.4"
            },
            "type": "project",
            "notification-url": "https://packagist.org/downloads/",
            "license": [
                "proprietary"
            ],
            "description": "test222",
            "support": {
                "issues": "https://github.com/nhutnguyenvu/product-attachment/issues",
                "source": "https://github.com/nhutnguyenvu/product-attachment/tree/1.0.0"
            },
            "time": "2022-08-02T03:45:39+00:00"
        }
    ],
    "packages-dev": [],
    "aliases": [],
    "minimum-stability": "stable",
    "stability-flags": [],
    "prefer-stable": false,
    "prefer-lowest": false,
    "platform": {
        "php": ">=7.4",
        "ext-mbstring": "*"
    },
    "platform-dev": [],
    "plugin-api-version": "2.3.0"
}
